
Microsoft Visual Studio Solution File, Format Version 12.00
# Visual Studio 15
VisualStudioVersion = 15.0.27703.2018
MinimumVisualStudioVersion = 10.0.40219.1
Project("{FAE04EC0-301F-11D3-BF4B-00C04F79EFBC}") = "BettingAppWeb", "BettingAppWeb\BettingAppWeb.csproj", "{24D86027-104C-4A71-8332-8BDC72A24C36}"
EndProject
Global
	GlobalSection(SolutionConfigurationPlatforms) = preSolution
		Debug|Any CPU = Debug|Any CPU
		Release|Any CPU = Release|Any CPU
	EndGlobalSection
	GlobalSection(ProjectConfigurationPlatforms) = postSolution
		{24D86027-104C-4A71-8332-8BDC72A24C36}.Debug|Any CPU.ActiveCfg = Debug|Any CPU
		{24D86027-104C-4A71-8332-8BDC72A24C36}.Debug|Any CPU.Build.0 = Debug|Any CPU
		{24D86027-104C-4A71-8332-8BDC72A24C36}.Release|Any CPU.ActiveCfg = Release|Any CPU
		{24D86027-104C-4A71-8332-8BDC72A24C36}.Release|Any CPU.Build.0 = Release|Any CPU
	EndGlobalSection
	GlobalSection(SolutionProperties) = preSolution
		HideSolutionNode = FALSE
	EndGlobalSection
	GlobalSection(ExtensibilityGlobals) = postSolution
		SolutionGuid = {96CF4D08-125E-441D-BB02-F5D0D2D17DC1}
	EndGlobalSection
EndGlobal
